
Microsoft Visual Studio Solution File, Format Version 12.00
# Visual Studio 15
VisualStudioVersion = 15.0.27703.2035
MinimumVisualStudioVersion = 10.0.40219.1
Project("{FAE04EC0-301F-11D3-BF4B-00C04F79EFBC}") = "PracticeWinForm", "PracticeWinForm\PracticeWinForm.csproj", "{0DFA1426-A97D-405D-A7E4-9BC9526E1513}"
EndProject
Global
	GlobalSection(SolutionConfigurationPlatforms) = preSolution
		Debug|Any CPU = Debug|Any CPU
		Release|Any CPU = Release|Any CPU
	EndGlobalSection
	GlobalSection(ProjectConfigurationPlatforms) = postSolution
		{0DFA1426-A97D-405D-A7E4-9BC9526E1513}.Debug|Any CPU.ActiveCfg = Debug|Any CPU
		{0DFA1426-A97D-405D-A7E4-9BC9526E1513}.Debug|Any CPU.Build.0 = Debug|Any CPU
		{0DFA1426-A97D-405D-A7E4-9BC9526E1513}.Release|Any CPU.ActiveCfg = Release|Any CPU
		{0DFA1426-A97D-405D-A7E4-9BC9526E1513}.Release|Any CPU.Build.0 = Release|Any CPU
	EndGlobalSection
	GlobalSection(SolutionProperties) = preSolution
		HideSolutionNode = FALSE
	EndGlobalSection
	GlobalSection(ExtensibilityGlobals) = postSolution
		SolutionGuid = {158509ED-8721-49EC-965F-F224D0D0E28F}
	EndGlobalSection
EndGlobal
